
Microsoft Visual Studio Solution File, Format Version 12.00
# Visual Studio 15
VisualStudioVersion = 15.0.27130.2010
MinimumVisualStudioVersion = 10.0.40219.1
Project("{FAE04EC0-301F-11D3-BF4B-00C04F79EFBC}") = "HelloWorld", "HelloWorld\HelloWorld.csproj", "{A65CA948-8359-4BCA-909A-71BFAAB786E3}"
EndProject
Global
	GlobalSection(SolutionConfigurationPlatforms) = preSolution
		Debug|Any CPU = Debug|Any CPU
		Release|Any CPU = Release|Any CPU
	EndGlobalSection
	GlobalSection(ProjectConfigurationPlatforms) = postSolution
		{A65CA948-8359-4BCA-909A-71BFAAB786E3}.Debug|Any CPU.ActiveCfg = Debug|Any CPU
		{A65CA948-8359-4BCA-909A-71BFAAB786E3}.Debug|Any CPU.Build.0 = Debug|Any CPU
		{A65CA948-8359-4BCA-909A-71BFAAB786E3}.Release|Any CPU.ActiveCfg = Release|Any CPU
		{A65CA948-8359-4BCA-909A-71BFAAB786E3}.Release|Any CPU.Build.0 = Release|Any CPU
	EndGlobalSection
	GlobalSection(SolutionProperties) = preSolution
		HideSolutionNode = FALSE
	EndGlobalSection
	GlobalSection(ExtensibilityGlobals) = postSolution
		SolutionGuid = {A6729437-F531-47F4-BDD7-DBD28CD20098}
	EndGlobalSection
EndGlobal
