
Microsoft Visual Studio Solution File, Format Version 12.00
# Visual Studio 15
VisualStudioVersion = 15.0.27130.2010
MinimumVisualStudioVersion = 10.0.40219.1
Project("{FAE04EC0-301F-11D3-BF4B-00C04F79EFBC}") = "HelloWorld", "HelloWorld\HelloWorld.csproj", "{A65CA948-8359-4BCA-909A-71BFAAB786E3}"
EndProject
Project("{FAE04EC0-301F-11D3-BF4B-00C04F79EFBC}") = "calculator", "calculator\calculator.csproj", "{FAC6173E-F75B-42AA-8AE0-004195B82E26}"
EndProject
Project("{FAE04EC0-301F-11D3-BF4B-00C04F79EFBC}") = "SmarterCalculator", "SmarterCalculator\SmarterCalculator.csproj", "{FE19FF49-C28C-4E87-B295-811680C1849F}"
EndProject
Project("{FAE04EC0-301F-11D3-BF4B-00C04F79EFBC}") = "BuyList", "BuyList\BuyList.csproj", "{6B62908A-04FF-4D54-8574-6A15BA7EEF5D}"
EndProject
Global
	GlobalSection(SolutionConfigurationPlatforms) = preSolution
		Debug|Any CPU = Debug|Any CPU
		Release|Any CPU = Release|Any CPU
	EndGlobalSection
	GlobalSection(ProjectConfigurationPlatforms) = postSolution
		{A65CA948-8359-4BCA-909A-71BFAAB786E3}.Debug|Any CPU.ActiveCfg = Debug|Any CPU
		{A65CA948-8359-4BCA-909A-71BFAAB786E3}.Debug|Any CPU.Build.0 = Debug|Any CPU
		{A65CA948-8359-4BCA-909A-71BFAAB786E3}.Release|Any CPU.ActiveCfg = Release|Any CPU
		{A65CA948-8359-4BCA-909A-71BFAAB786E3}.Release|Any CPU.Build.0 = Release|Any CPU
		{FAC6173E-F75B-42AA-8AE0-004195B82E26}.Debug|Any CPU.ActiveCfg = Debug|Any CPU
		{FAC6173E-F75B-42AA-8AE0-004195B82E26}.Debug|Any CPU.Build.0 = Debug|Any CPU
		{FAC6173E-F75B-42AA-8AE0-004195B82E26}.Release|Any CPU.ActiveCfg = Release|Any CPU
		{FAC6173E-F75B-42AA-8AE0-004195B82E26}.Release|Any CPU.Build.0 = Release|Any CPU
		{FE19FF49-C28C-4E87-B295-811680C1849F}.Debug|Any CPU.ActiveCfg = Debug|Any CPU
		{FE19FF49-C28C-4E87-B295-811680C1849F}.Debug|Any CPU.Build.0 = Debug|Any CPU
		{FE19FF49-C28C-4E87-B295-811680C1849F}.Release|Any CPU.ActiveCfg = Release|Any CPU
		{FE19FF49-C28C-4E87-B295-811680C1849F}.Release|Any CPU.Build.0 = Release|Any CPU
		{6B62908A-04FF-4D54-8574-6A15BA7EEF5D}.Debug|Any CPU.ActiveCfg = Debug|Any CPU
		{6B62908A-04FF-4D54-8574-6A15BA7EEF5D}.Debug|Any CPU.Build.0 = Debug|Any CPU
		{6B62908A-04FF-4D54-8574-6A15BA7EEF5D}.Release|Any CPU.ActiveCfg = Release|Any CPU
		{6B62908A-04FF-4D54-8574-6A15BA7EEF5D}.Release|Any CPU.Build.0 = Release|Any CPU
	EndGlobalSection
	GlobalSection(SolutionProperties) = preSolution
		HideSolutionNode = FALSE
	EndGlobalSection
	GlobalSection(ExtensibilityGlobals) = postSolution
		SolutionGuid = {A6729437-F531-47F4-BDD7-DBD28CD20098}
	EndGlobalSection
EndGlobal
