
Microsoft Visual Studio Solution File, Format Version 12.00
# Visual Studio 15
VisualStudioVersion = 15.0.27130.2010
MinimumVisualStudioVersion = 10.0.40219.1
Project("{FAE04EC0-301F-11D3-BF4B-00C04F79EFBC}") = "HelloWorld", "HelloWorld\HelloWorld.csproj", "{A65CA948-8359-4BCA-909A-71BFAAB786E3}"
EndProject
Project("{FAE04EC0-301F-11D3-BF4B-00C04F79EFBC}") = "calculator", "calculator\calculator.csproj", "{FAC6173E-F75B-42AA-8AE0-004195B82E26}"
EndProject
Project("{FAE04EC0-301F-11D3-BF4B-00C04F79EFBC}") = "SmarterCalculator", "SmarterCalculator\SmarterCalculator.csproj", "{FE19FF49-C28C-4E87-B295-811680C1849F}"
EndProject
Project("{FAE04EC0-301F-11D3-BF4B-00C04F79EFBC}") = "WordsFromSymbolsLookup", "WordsFromSymbolsLookup\WordsFromSymbolsLookup.csproj", "{180FD09E-5316-4834-8FD6-33B0BCF4FE31}"
EndProject
Project("{FAE04EC0-301F-11D3-BF4B-00C04F79EFBC}") = "CatDtingSite", "CatDtingSite\CatDtingSite.csproj", "{E225C22D-3B13-48F8-9503-7AC5D72881D2}"
EndProject
Project("{FAE04EC0-301F-11D3-BF4B-00C04F79EFBC}") = "BuyList", "BuyList\BuyList.csproj", "{A556C87A-7688-4986-BCDE-7B996DACBD98}"
EndProject
Global
	GlobalSection(SolutionConfigurationPlatforms) = preSolution
		Debug|Any CPU = Debug|Any CPU
		Release|Any CPU = Release|Any CPU
	EndGlobalSection
	GlobalSection(ProjectConfigurationPlatforms) = postSolution
		{A65CA948-8359-4BCA-909A-71BFAAB786E3}.Debug|Any CPU.ActiveCfg = Debug|Any CPU
		{A65CA948-8359-4BCA-909A-71BFAAB786E3}.Debug|Any CPU.Build.0 = Debug|Any CPU
		{A65CA948-8359-4BCA-909A-71BFAAB786E3}.Release|Any CPU.ActiveCfg = Release|Any CPU
		{A65CA948-8359-4BCA-909A-71BFAAB786E3}.Release|Any CPU.Build.0 = Release|Any CPU
		{FAC6173E-F75B-42AA-8AE0-004195B82E26}.Debug|Any CPU.ActiveCfg = Debug|Any CPU
		{FAC6173E-F75B-42AA-8AE0-004195B82E26}.Debug|Any CPU.Build.0 = Debug|Any CPU
		{FAC6173E-F75B-42AA-8AE0-004195B82E26}.Release|Any CPU.ActiveCfg = Release|Any CPU
		{FAC6173E-F75B-42AA-8AE0-004195B82E26}.Release|Any CPU.Build.0 = Release|Any CPU
		{FE19FF49-C28C-4E87-B295-811680C1849F}.Debug|Any CPU.ActiveCfg = Debug|Any CPU
		{FE19FF49-C28C-4E87-B295-811680C1849F}.Debug|Any CPU.Build.0 = Debug|Any CPU
		{FE19FF49-C28C-4E87-B295-811680C1849F}.Release|Any CPU.ActiveCfg = Release|Any CPU
		{FE19FF49-C28C-4E87-B295-811680C1849F}.Release|Any CPU.Build.0 = Release|Any CPU
		{180FD09E-5316-4834-8FD6-33B0BCF4FE31}.Debug|Any CPU.ActiveCfg = Debug|Any CPU
		{180FD09E-5316-4834-8FD6-33B0BCF4FE31}.Debug|Any CPU.Build.0 = Debug|Any CPU
		{180FD09E-5316-4834-8FD6-33B0BCF4FE31}.Release|Any CPU.ActiveCfg = Release|Any CPU
		{180FD09E-5316-4834-8FD6-33B0BCF4FE31}.Release|Any CPU.Build.0 = Release|Any CPU
		{E225C22D-3B13-48F8-9503-7AC5D72881D2}.Debug|Any CPU.ActiveCfg = Debug|Any CPU
		{E225C22D-3B13-48F8-9503-7AC5D72881D2}.Debug|Any CPU.Build.0 = Debug|Any CPU
		{E225C22D-3B13-48F8-9503-7AC5D72881D2}.Release|Any CPU.ActiveCfg = Release|Any CPU
		{E225C22D-3B13-48F8-9503-7AC5D72881D2}.Release|Any CPU.Build.0 = Release|Any CPU
		{A556C87A-7688-4986-BCDE-7B996DACBD98}.Debug|Any CPU.ActiveCfg = Debug|Any CPU
		{A556C87A-7688-4986-BCDE-7B996DACBD98}.Debug|Any CPU.Build.0 = Debug|Any CPU
		{A556C87A-7688-4986-BCDE-7B996DACBD98}.Release|Any CPU.ActiveCfg = Release|Any CPU
		{A556C87A-7688-4986-BCDE-7B996DACBD98}.Release|Any CPU.Build.0 = Release|Any CPU
	EndGlobalSection
	GlobalSection(SolutionProperties) = preSolution
		HideSolutionNode = FALSE
	EndGlobalSection
	GlobalSection(ExtensibilityGlobals) = postSolution
		SolutionGuid = {A6729437-F531-47F4-BDD7-DBD28CD20098}
	EndGlobalSection
EndGlobal
